
Microsoft Visual Studio Solution File, Format Version 12.00
# Visual Studio Version 17
VisualStudioVersion = 17.3.32901.215
MinimumVisualStudioVersion = 10.0.40219.1
Project("{FAE04EC0-301F-11D3-BF4B-00C04F79EFBC}") = "ElevatorProject", "ElevatorProject\ElevatorProject.csproj", "{C00B10AD-B606-43EA-9C74-EB3AD23DDCE0}"
EndProject
Global
	GlobalSection(SolutionConfigurationPlatforms) = preSolution
		Debug|Any CPU = Debug|Any CPU
		Release|Any CPU = Release|Any CPU
	EndGlobalSection
	GlobalSection(ProjectConfigurationPlatforms) = postSolution
		{C00B10AD-B606-43EA-9C74-EB3AD23DDCE0}.Debug|Any CPU.ActiveCfg = Debug|Any CPU
		{C00B10AD-B606-43EA-9C74-EB3AD23DDCE0}.Debug|Any CPU.Build.0 = Debug|Any CPU
		{C00B10AD-B606-43EA-9C74-EB3AD23DDCE0}.Release|Any CPU.ActiveCfg = Release|Any CPU
		{C00B10AD-B606-43EA-9C74-EB3AD23DDCE0}.Release|Any CPU.Build.0 = Release|Any CPU
	EndGlobalSection
	GlobalSection(SolutionProperties) = preSolution
		HideSolutionNode = FALSE
	EndGlobalSection
	GlobalSection(ExtensibilityGlobals) = postSolution
		SolutionGuid = {F8F07B17-DEB7-49FA-AB04-89CD9D1FAD01}
	EndGlobalSection
EndGlobal
